Microsoft Visual Studio Solution File, Format Version 12.00
# Visual Studio Version 17
VisualStudioVersion = 17.5.2.0
MinimumVisualStudioVersion = 10.0.40219.1
Project("{FAE04EC0-301F-11D3-BF4B-00C04F79EFBC}") = "Sistema_de_Estacionamento", "Sistema_de_Estacionamento.csproj", "{6EB29C46-1065-28D9-0562-0120B498B8DE}"
EndProject
Global
	GlobalSection(SolutionConfigurationPlatforms) = preSolution
		Debug|Any CPU = Debug|Any CPU
		Release|Any CPU = Release|Any CPU
	EndGlobalSection
	GlobalSection(ProjectConfigurationPlatforms) = postSolution
		{6EB29C46-1065-28D9-0562-0120B498B8DE}.Debug|Any CPU.ActiveCfg = Debug|Any CPU
		{6EB29C46-1065-28D9-0562-0120B498B8DE}.Debug|Any CPU.Build.0 = Debug|Any CPU
		{6EB29C46-1065-28D9-0562-0120B498B8DE}.Release|Any CPU.ActiveCfg = Release|Any CPU
		{6EB29C46-1065-28D9-0562-0120B498B8DE}.Release|Any CPU.Build.0 = Release|Any CPU
	EndGlobalSection
	GlobalSection(SolutionProperties) = preSolution
		HideSolutionNode = FALSE
	EndGlobalSection
	GlobalSection(ExtensibilityGlobals) = postSolution
		SolutionGuid = {A517B92C-F792-4D7F-8B41-2C12E9E196F3}
	EndGlobalSection
EndGlobal
